PODS:
  - Alamofire (5.6.1)
  - lottie-ios (3.3.0)
  - MarqueeLabel (4.3.0)
  - ProgressHUD (13.6)
  - ReachabilitySwift (5.0.0)
  - SDWebImage (5.12.5):
    - SDWebImage/Core (= 5.12.5)
  - SDWebImage/Core (5.12.5)
  - SkeletonView (1.29.2)

DEPENDENCIES:
  - Alamofire (~> 5.2)
  - lottie-ios
  - MarqueeLabel
  - ProgressHUD
  - ReachabilitySwift
  - SDWebImage
  - SkeletonView

SPEC REPOS:
  trunk:
    - Alamofire
    - lottie-ios
    - MarqueeLabel
    - ProgressHUD
    - ReachabilitySwift
    - SDWebImage
    - SkeletonView

SPEC CHECKSUMS:
  Alamofire: 87bd8c952f9a4454320fce00d9cc3de57bcadaf5
  lottie-ios: 6ac74dcc09904798f59b18cb3075c089d76be9ae
  MarqueeLabel: 02f5ac8fd6877c94564556cb93fa86c70c08baeb
  ProgressHUD: 4bdaa0d2ddf676b23324b199f9facffb5c3a1620
  ReachabilitySwift: 985039c6f7b23a1da463388634119492ff86c825
  SDWebImage: 0905f1b7760fc8ac4198cae0036600d67478751e
  SkeletonView: 915a80ecc2b6421ab7ac0f0212321c0cc1406472

PODFILE CHECKSUM: f0dce6776b699ea3756afda141c456c6fe578bb3

COCOAPODS: 1.11.3
