// !$*UTF8*$!
{
	archiveVersion = 1;
	classes = {
	};
	objectVersion = 55;
	objects = {

/* Begin PBXBuildFile section */
		0DB90D1E2818FA2600A6065C /* SportsCollectionViewController.swift in Sources */ = {isa = PBXBuildFile; fileRef = 0DB90D1D2818FA2600A6065C /* SportsCollectionViewController.swift */; };
		0DB90D202818FD2C00A6065C /* SportsCollectionViewCell.swift in Sources */ = {isa = PBXBuildFile; fileRef = 0DB90D1F2818FD2C00A6065C /* SportsCollectionViewCell.swift */; };
		3E17D3892817733000910F14 /* AppDelegate.swift in Sources */ = {isa = PBXBuildFile; fileRef = 3E17D3882817733000910F14 /* AppDelegate.swift */; };
		3E17D38B2817733000910F14 /* SceneDelegate.swift in Sources */ = {isa = PBXBuildFile; fileRef = 3E17D38A2817733000910F14 /* SceneDelegate.swift */; };
		3E17D3902817733000910F14 /* Main.storyboard in Resources */ = {isa = PBXBuildFile; fileRef = 3E17D38E2817733000910F14 /* Main.storyboard */; };
		3E17D3932817733000910F14 /* SportsApp.xcdatamodeld in Sources */ = {isa = PBXBuildFile; fileRef = 3E17D3912817733000910F14 /* SportsApp.xcdatamodeld */; };
		3E17D3952817733200910F14 /* Assets.xcassets in Resources */ = {isa = PBXBuildFile; fileRef = 3E17D3942817733200910F14 /* Assets.xcassets */; };
		3E17D3982817733200910F14 /* LaunchScreen.storyboard in Resources */ = {isa = PBXBuildFile; fileRef = 3E17D3962817733200910F14 /* LaunchScreen.storyboard */; };
		3EB1D36228188EAB004A7ABC /* SplashViewController.swift in Sources */ = {isa = PBXBuildFile; fileRef = 3EB1D36128188EAB004A7ABC /* SplashViewController.swift */; };
		7FD18F845F48772426796230 /* Pods_SportsApp.framework in Frameworks */ = {isa = PBXBuildFile; fileRef = F8FCAA82DAF02A6D3756DCEC /* Pods_SportsApp.framework */; };
/* End PBXBuildFile section */

/* Begin PBXFileReference section */
		0DB90D1D2818FA2600A6065C /* SportsCollectionViewController.swift */ = {isa = PBXFileReference; lastKnownFileType = sourcecode.swift; name = SportsCollectionViewController.swift; path = SportsApp/SportsCollectionViewController.swift; sourceTree = SOURCE_ROOT; };
		0DB90D1F2818FD2C00A6065C /* SportsCollectionViewCell.swift */ = {isa = PBXFileReference; lastKnownFileType = sourcecode.swift; name = SportsCollectionViewCell.swift; path = SportsApp/SportsCollectionViewCell.swift; sourceTree = SOURCE_ROOT; };
		3E17D3852817733000910F14 /* SportsApp.app */ = {isa = PBXFileReference; explicitFileType = wrapper.application; includeInIndex = 0; path = SportsApp.app; sourceTree = BUILT_PRODUCTS_DIR; };
		3E17D3882817733000910F14 /* AppDelegate.swift */ = {isa = PBXFileReference; lastKnownFileType = sourcecode.swift; path = AppDelegate.swift; sourceTree = "<group>"; };
		3E17D38A2817733000910F14 /* SceneDelegate.swift */ = {isa = PBXFileReference; lastKnownFileType = sourcecode.swift; path = SceneDelegate.swift; sourceTree = "<group>"; };
		3E17D38F2817733000910F14 /* Base */ = {isa = PBXFileReference; lastKnownFileType = file.storyboard; name = Base; path = Base.lproj/Main.storyboard; sourceTree = "<group>"; };
		3E17D3922817733000910F14 /* SportsApp.xcdatamodel */ = {isa = PBXFileReference; lastKnownFileType = wrapper.xcdatamodel; path = SportsApp.xcdatamodel; sourceTree = "<group>"; };
		3E17D3942817733200910F14 /* Assets.xcassets */ = {isa = PBXFileReference; lastKnownFileType = folder.assetcatalog; path = Assets.xcassets; sourceTree = "<group>"; };
		3E17D3972817733200910F14 /* Base */ = {isa = PBXFileReference; lastKnownFileType = file.storyboard; name = Base; path = Base.lproj/LaunchScreen.storyboard; sourceTree = "<group>"; };
		3E17D3992817733200910F14 /* Info.plist */ = {isa = PBXFileReference; lastKnownFileType = text.plist.xml; path = Info.plist; sourceTree = "<group>"; };
		3EB1D36128188EAB004A7ABC /* SplashViewController.swift */ = {isa = PBXFileReference; lastKnownFileType = sourcecode.swift; path = SplashViewController.swift; sourceTree = "<group>"; };
		4D30B850271081D3AB6212D5 /* Pods-SportsApp.debug.xcconfig */ = {isa = PBXFileReference; includeInIndex = 1; lastKnownFileType = text.xcconfig; name = "Pods-SportsApp.debug.xcconfig"; path = "Target Support Files/Pods-SportsApp/Pods-SportsApp.debug.xcconfig"; sourceTree = "<group>"; };
		AE60A169A1E11D55D312E911 /* Pods-SportsApp.release.xcconfig */ = {isa = PBXFileReference; includeInIndex = 1; lastKnownFileType = text.xcconfig; name = "Pods-SportsApp.release.xcconfig"; path = "Target Support Files/Pods-SportsApp/Pods-SportsApp.release.xcconfig"; sourceTree = "<group>"; };
		F8FCAA82DAF02A6D3756DCEC /* Pods_SportsApp.framework */ = {isa = PBXFileReference; explicitFileType = wrapper.framework; includeInIndex = 0; path = Pods_SportsApp.framework; sourceTree = BUILT_PRODUCTS_DIR; };
/* End PBXFileReference section */

/* Begin PBXFrameworksBuildPhase section */
		3E17D3822817733000910F14 /* Frameworks */ = {
			isa = PBXFrameworksBuildPhase;
			buildActionMask = 2147483647;
			files = (
				7FD18F845F48772426796230 /* Pods_SportsApp.framework in Frameworks */,
			);
			runOnlyForDeploymentPostprocessing = 0;
		};
/* End PBXFrameworksBuildPhase section */

/* Begin PBXGroup section */
		2D006D169157CE6EDE1DFABD /* Pods */ = {
			isa = PBXGroup;
			children = (
				4D30B850271081D3AB6212D5 /* Pods-SportsApp.debug.xcconfig */,
				AE60A169A1E11D55D312E911 /* Pods-SportsApp.release.xcconfig */,
			);
			path = Pods;
			sourceTree = "<group>";
		};
		3E17D37C2817733000910F14 = {
			isa = PBXGroup;
			children = (
				3E17D3872817733000910F14 /* SportsApp */,
				3E17D3862817733000910F14 /* Products */,
				2D006D169157CE6EDE1DFABD /* Pods */,
				A15B31C0116062F22FFC07D2 /* Frameworks */,
			);
			sourceTree = "<group>";
		};
		3E17D3862817733000910F14 /* Products */ = {
			isa = PBXGroup;
			children = (
				3E17D3852817733000910F14 /* SportsApp.app */,
			);
			name = Products;
			sourceTree = "<group>";
		};
		3E17D3872817733000910F14 /* SportsApp */ = {
			isa = PBXGroup;
			children = (
				3EB1D351281887BD004A7ABC /* ViewModel */,
				3EB1D350281887B4004A7ABC /* View */,
				3EB1D34F281887A1004A7ABC /* Model */,
				3E17D3882817733000910F14 /* AppDelegate.swift */,
				3E17D38A2817733000910F14 /* SceneDelegate.swift */,
				3E17D3992817733200910F14 /* Info.plist */,
				3E17D3912817733000910F14 /* SportsApp.xcdatamodeld */,
			);
			path = SportsApp;
			sourceTree = "<group>";
		};
		3EB1D34F281887A1004A7ABC /* Model */ = {
			isa = PBXGroup;
			children = (
				3EB1D35A281888B8004A7ABC /* Data */,
				3EB1D359281888AA004A7ABC /* RemoteData */,
				3EB1D3582818889C004A7ABC /* LocalData */,
			);
			path = Model;
			sourceTree = "<group>";
		};
		3EB1D350281887B4004A7ABC /* View */ = {
			isa = PBXGroup;
			children = (
				3EB1D35728188854004A7ABC /* TeamDetailsScreen */,
				3EB1D35628188844004A7ABC /* LeaguesDetailsScreen */,
				3EB1D35528188830004A7ABC /* FavouriteScreen */,
				3EB1D3542818881F004A7ABC /* LeaguesScreen */,
				3EB1D35328188814004A7ABC /* SplashScreen */,
				3EB1D35228188804004A7ABC /* HomeScreen */,
				3E17D38E2817733000910F14 /* Main.storyboard */,
				3E17D3962817733200910F14 /* LaunchScreen.storyboard */,
				3E17D3942817733200910F14 /* Assets.xcassets */,
			);
			path = View;
			sourceTree = "<group>";
		};
		3EB1D351281887BD004A7ABC /* ViewModel */ = {
			isa = PBXGroup;
			children = (
			);
			path = ViewModel;
			sourceTree = "<group>";
		};
		3EB1D35228188804004A7ABC /* HomeScreen */ = {
			isa = PBXGroup;
			children = (
				0DB90D1D2818FA2600A6065C /* SportsCollectionViewController.swift */,
				0DB90D1F2818FD2C00A6065C /* SportsCollectionViewCell.swift */,
			);
			path = HomeScreen;
			sourceTree = "<group>";
		};
		3EB1D35328188814004A7ABC /* SplashScreen */ = {
			isa = PBXGroup;
			children = (
				3EB1D36128188EAB004A7ABC /* SplashViewController.swift */,
			);
			path = SplashScreen;
			sourceTree = "<group>";
		};
		3EB1D3542818881F004A7ABC /* LeaguesScreen */ = {
			isa = PBXGroup;
			children = (
			);
			path = LeaguesScreen;
			sourceTree = "<group>";
		};
		3EB1D35528188830004A7ABC /* FavouriteScreen */ = {
			isa = PBXGroup;
			children = (
			);
			path = FavouriteScreen;
			sourceTree = "<group>";
		};
		3EB1D35628188844004A7ABC /* LeaguesDetailsScreen */ = {
			isa = PBXGroup;
			children = (
			);
			path = LeaguesDetailsScreen;
			sourceTree = "<group>";
		};
		3EB1D35728188854004A7ABC /* TeamDetailsScreen */ = {
			isa = PBXGroup;
			children = (
			);
			path = TeamDetailsScreen;
			sourceTree = "<group>";
		};
		3EB1D3582818889C004A7ABC /* LocalData */ = {
			isa = PBXGroup;
			children = (
			);
			path = LocalData;
			sourceTree = "<group>";
		};
		3EB1D359281888AA004A7ABC /* RemoteData */ = {
			isa = PBXGroup;
			children = (
			);
			path = RemoteData;
			sourceTree = "<group>";
		};
		3EB1D35A281888B8004A7ABC /* Data */ = {
			isa = PBXGroup;
			children = (
				3EB1D35C28188A53004A7ABC /* LocalModules */,
				3EB1D35B28188A3B004A7ABC /* ApiResponse */,
			);
			path = Data;
			sourceTree = "<group>";
		};
		3EB1D35B28188A3B004A7ABC /* ApiResponse */ = {
			isa = PBXGroup;
			children = (
			);
			path = ApiResponse;
			sourceTree = "<group>";
		};
		3EB1D35C28188A53004A7ABC /* LocalModules */ = {
			isa = PBXGroup;
			children = (
			);
			path = LocalModules;
			sourceTree = "<group>";
		};
		A15B31C0116062F22FFC07D2 /* Frameworks */ = {
			isa = PBXGroup;
			children = (
				F8FCAA82DAF02A6D3756DCEC /* Pods_SportsApp.framework */,
			);
			name = Frameworks;
			sourceTree = "<group>";
		};
/* End PBXGroup section */

/* Begin PBXNativeTarget section */
		3E17D3842817733000910F14 /* SportsApp */ = {
			isa = PBXNativeTarget;
			buildConfigurationList = 3E17D39C2817733200910F14 /* Build configuration list for PBXNativeTarget "SportsApp" */;
			buildPhases = (
				D8BCB3C702A0B21D2263657C /* [CP] Check Pods Manifest.lock */,
				3E17D3812817733000910F14 /* Sources */,
				3E17D3822817733000910F14 /* Frameworks */,
				3E17D3832817733000910F14 /* Resources */,
				E54309BC5C2CF74428502A5F /* [CP] Embed Pods Frameworks */,
			);
			buildRules = (
			);
			dependencies = (
			);
			name = SportsApp;
			productName = SportsApp;
			productReference = 3E17D3852817733000910F14 /* SportsApp.app */;
			productType = "com.apple.product-type.application";
		};
/* End PBXNativeTarget section */

/* Begin PBXProject section */
		3E17D37D2817733000910F14 /* Project object */ = {
			isa = PBXProject;
			attributes = {
				BuildIndependentTargetsInParallel = 1;
				LastSwiftUpdateCheck = 1330;
				LastUpgradeCheck = 1330;
				TargetAttributes = {
					3E17D3842817733000910F14 = {
						CreatedOnToolsVersion = 13.3.1;
					};
				};
			};
			buildConfigurationList = 3E17D3802817733000910F14 /* Build configuration list for PBXProject "SportsApp" */;
			compatibilityVersion = "Xcode 13.0";
			developmentRegion = en;
			hasScannedForEncodings = 0;
			knownRegions = (
				en,
				Base,
			);
			mainGroup = 3E17D37C2817733000910F14;
			productRefGroup = 3E17D3862817733000910F14 /* Products */;
			projectDirPath = "";
			projectRoot = "";
			targets = (
				3E17D3842817733000910F14 /* SportsApp */,
			);
		};
/* End PBXProject section */

/* Begin PBXResourcesBuildPhase section */
		3E17D3832817733000910F14 /* Resources */ = {
			isa = PBXResourcesBuildPhase;
			buildActionMask = 2147483647;
			files = (
				3E17D3982817733200910F14 /* LaunchScreen.storyboard in Resources */,
				3E17D3952817733200910F14 /* Assets.xcassets in Resources */,
				3E17D3902817733000910F14 /* Main.storyboard in Resources */,
			);
			runOnlyForDeploymentPostprocessing = 0;
		};
/* End PBXResourcesBuildPhase section */

/* Begin PBXShellScriptBuildPhase section */
		D8BCB3C702A0B21D2263657C /* [CP] Check Pods Manifest.lock */ = {
			isa = PBXShellScriptBuildPhase;
			buildActionMask = 2147483647;
			files = (
			);
			inputFileListPaths = (
			);
			inputPaths = (
				"${PODS_PODFILE_DIR_PATH}/Podfile.lock",
				"${PODS_ROOT}/Manifest.lock",
			);
			name = "[CP] Check Pods Manifest.lock";
			outputFileListPaths = (
			);
			outputPaths = (
				"$(DERIVED_FILE_DIR)/Pods-SportsApp-checkManifestLockResult.txt",
			);
			runOnlyForDeploymentPostprocessing = 0;
			shellPath = /bin/sh;
			shellScript = "diff \"${PODS_PODFILE_DIR_PATH}/Podfile.lock\" \"${PODS_ROOT}/Manifest.lock\" > /dev/null\nif [ $? != 0 ] ; then\n    # print error to STDERR\n    echo \"error: The sandbox is not in sync with the Podfile.lock. Run 'pod install' or update your CocoaPods installation.\" >&2\n    exit 1\nfi\n# This output is used by Xcode 'outputs' to avoid re-running this script phase.\necho \"SUCCESS\" > \"${SCRIPT_OUTPUT_FILE_0}\"\n";
			showEnvVarsInLog = 0;
		};
		E54309BC5C2CF74428502A5F /* [CP] Embed Pods Frameworks */ = {
			isa = PBXShellScriptBuildPhase;
			buildActionMask = 2147483647;
			files = (
			);
			inputFileListPaths = (
				"${PODS_ROOT}/Target Support Files/Pods-SportsApp/Pods-SportsApp-frameworks-${CONFIGURATION}-input-files.xcfilelist",
			);
			name = "[CP] Embed Pods Frameworks";
			outputFileListPaths = (
				"${PODS_ROOT}/Target Support Files/Pods-SportsApp/Pods-SportsApp-frameworks-${CONFIGURATION}-output-files.xcfilelist",
			);
			runOnlyForDeploymentPostprocessing = 0;
			shellPath = /bin/sh;
			shellScript = "\"${PODS_ROOT}/Target Support Files/Pods-SportsApp/Pods-SportsApp-frameworks.sh\"\n";
			showEnvVarsInLog = 0;
		};
/* End PBXShellScriptBuildPhase section */

/* Begin PBXSourcesBuildPhase section */
		3E17D3812817733000910F14 /* Sources */ = {
			isa = PBXSourcesBuildPhase;
			buildActionMask = 2147483647;
			files = (
				3E17D3892817733000910F14 /* AppDelegate.swift in Sources */,
				0DB90D202818FD2C00A6065C /* SportsCollectionViewCell.swift in Sources */,
				3E17D3932817733000910F14 /* SportsApp.xcdatamodeld in Sources */,
				3E17D38B2817733000910F14 /* SceneDelegate.swift in Sources */,
				3EB1D36228188EAB004A7ABC /* SplashViewController.swift in Sources */,
				0DB90D1E2818FA2600A6065C /* SportsCollectionViewController.swift in Sources */,
			);
			runOnlyForDeploymentPostprocessing = 0;
		};
/* End PBXSourcesBuildPhase section */

/* Begin PBXVariantGroup section */
		3E17D38E2817733000910F14 /* Main.storyboard */ = {
			isa = PBXVariantGroup;
			children = (
				3E17D38F2817733000910F14 /* Base */,
			);
			name = Main.storyboard;
			sourceTree = "<group>";
		};
		3E17D3962817733200910F14 /* LaunchScreen.storyboard */ = {
			isa = PBXVariantGroup;
			children = (
				3E17D3972817733200910F14 /* Base */,
			);
			name = LaunchScreen.storyboard;
			sourceTree = "<group>";
		};
/* End PBXVariantGroup section */

/* Begin XCBuildConfiguration section */
		3E17D39A2817733200910F14 /* Debug */ = {
			isa = XCBuildConfiguration;
			buildSettings = {
				ALWAYS_SEARCH_USER_PATHS = NO;
				CLANG_ANALYZER_NONNULL = YES;
				CLANG_ANALYZER_NUMBER_OBJECT_CONVERSION = YES_AGGRESSIVE;
				CLANG_CXX_LANGUAGE_STANDARD = "gnu++17";
				CLANG_ENABLE_MODULES = YES;
				CLANG_ENABLE_OBJC_ARC = YES;
				CLANG_ENABLE_OBJC_WEAK = YES;
				CLANG_WARN_BLOCK_CAPTURE_AUTORELEASING = YES;
				CLANG_WARN_BOOL_CONVERSION = YES;
				CLANG_WARN_COMMA = YES;
				CLANG_WARN_CONSTANT_CONVERSION = YES;
				CLANG_WARN_DEPRECATED_OBJC_IMPLEMENTATIONS = YES;
				CLANG_WARN_DIRECT_OBJC_ISA_USAGE = YES_ERROR;
				CLANG_WARN_DOCUMENTATION_COMMENTS = YES;
				CLANG_WARN_EMPTY_BODY = YES;
				CLANG_WARN_ENUM_CONVERSION = YES;
				CLANG_WARN_INFINITE_RECURSION = YES;
				CLANG_WARN_INT_CONVERSION = YES;
				CLANG_WARN_NON_LITERAL_NULL_CONVERSION = YES;
				CLANG_WARN_OBJC_IMPLICIT_RETAIN_SELF = YES;
				CLANG_WARN_OBJC_LITERAL_CONVERSION = YES;
				CLANG_WARN_OBJC_ROOT_CLASS = YES_ERROR;
				CLANG_WARN_QUOTED_INCLUDE_IN_FRAMEWORK_HEADER = YES;
				CLANG_WARN_RANGE_LOOP_ANALYSIS = YES;
				CLANG_WARN_STRICT_PROTOTYPES = YES;
				CLANG_WARN_SUSPICIOUS_MOVE = YES;
				CLANG_WARN_UNGUARDED_AVAILABILITY = YES_AGGRESSIVE;
				CLANG_WARN_UNREACHABLE_CODE = YES;
				CLANG_WARN__DUPLICATE_METHOD_MATCH = YES;
				COPY_PHASE_STRIP = NO;
				DEBUG_INFORMATION_FORMAT = dwarf;
				ENABLE_STRICT_OBJC_MSGSEND = YES;
				ENABLE_TESTABILITY = YES;
				GCC_C_LANGUAGE_STANDARD = gnu11;
				GCC_DYNAMIC_NO_PIC = NO;
				GCC_NO_COMMON_BLOCKS = YES;
				GCC_OPTIMIZATION_LEVEL = 0;
				GCC_PREPROCESSOR_DEFINITIONS = (
					"DEBUG=1",
					"$(inherited)",
				);
				GCC_WARN_64_TO_32_BIT_CONVERSION = YES;
				GCC_WARN_ABOUT_RETURN_TYPE = YES_ERROR;
				GCC_WARN_UNDECLARED_SELECTOR = YES;
				GCC_WARN_UNINITIALIZED_AUTOS = YES_AGGRESSIVE;
				GCC_WARN_UNUSED_FUNCTION = YES;
				GCC_WARN_UNUSED_VARIABLE = YES;
				IPHONEOS_DEPLOYMENT_TARGET = 15.4;
				MTL_ENABLE_DEBUG_INFO = INCLUDE_SOURCE;
				MTL_FAST_MATH = YES;
				ONLY_ACTIVE_ARCH = YES;
				SDKROOT = iphoneos;
				SWIFT_ACTIVE_COMPILATION_CONDITIONS = DEBUG;
				SWIFT_OPTIMIZATION_LEVEL = "-Onone";
			};
			name = Debug;
		};
		3E17D39B2817733200910F14 /* Release */ = {
			isa = XCBuildConfiguration;
			buildSettings = {
				ALWAYS_SEARCH_USER_PATHS = NO;
				CLANG_ANALYZER_NONNULL = YES;
				CLANG_ANALYZER_NUMBER_OBJECT_CONVERSION = YES_AGGRESSIVE;
				CLANG_CXX_LANGUAGE_STANDARD = "gnu++17";
				CLANG_ENABLE_MODULES = YES;
				CLANG_ENABLE_OBJC_ARC = YES;
				CLANG_ENABLE_OBJC_WEAK = YES;
				CLANG_WARN_BLOCK_CAPTURE_AUTORELEASING = YES;
				CLANG_WARN_BOOL_CONVERSION = YES;
				CLANG_WARN_COMMA = YES;
				CLANG_WARN_CONSTANT_CONVERSION = YES;
				CLANG_WARN_DEPRECATED_OBJC_IMPLEMENTATIONS = YES;
				CLANG_WARN_DIRECT_OBJC_ISA_USAGE = YES_ERROR;
				CLANG_WARN_DOCUMENTATION_COMMENTS = YES;
				CLANG_WARN_EMPTY_BODY = YES;
				CLANG_WARN_ENUM_CONVERSION = YES;
				CLANG_WARN_INFINITE_RECURSION = YES;
				CLANG_WARN_INT_CONVERSION = YES;
				CLANG_WARN_NON_LITERAL_NULL_CONVERSION = YES;
				CLANG_WARN_OBJC_IMPLICIT_RETAIN_SELF = YES;
				CLANG_WARN_OBJC_LITERAL_CONVERSION = YES;
				CLANG_WARN_OBJC_ROOT_CLASS = YES_ERROR;
				CLANG_WARN_QUOTED_INCLUDE_IN_FRAMEWORK_HEADER = YES;
				CLANG_WARN_RANGE_LOOP_ANALYSIS = YES;
				CLANG_WARN_STRICT_PROTOTYPES = YES;
				CLANG_WARN_SUSPICIOUS_MOVE = YES;
				CLANG_WARN_UNGUARDED_AVAILABILITY = YES_AGGRESSIVE;
				CLANG_WARN_UNREACHABLE_CODE = YES;
				CLANG_WARN__DUPLICATE_METHOD_MATCH = YES;
				COPY_PHASE_STRIP = NO;
				DEBUG_INFORMATION_FORMAT = "dwarf-with-dsym";
				ENABLE_NS_ASSERTIONS = NO;
				ENABLE_STRICT_OBJC_MSGSEND = YES;
				GCC_C_LANGUAGE_STANDARD = gnu11;
				GCC_NO_COMMON_BLOCKS = YES;
				GCC_WARN_64_TO_32_BIT_CONVERSION = YES;
				GCC_WARN_ABOUT_RETURN_TYPE = YES_ERROR;
				GCC_WARN_UNDECLARED_SELECTOR = YES;
				GCC_WARN_UNINITIALIZED_AUTOS = YES_AGGRESSIVE;
				GCC_WARN_UNUSED_FUNCTION = YES;
				GCC_WARN_UNUSED_VARIABLE = YES;
				IPHONEOS_DEPLOYMENT_TARGET = 15.4;
				MTL_ENABLE_DEBUG_INFO = NO;
				MTL_FAST_MATH = YES;
				SDKROOT = iphoneos;
				SWIFT_COMPILATION_MODE = wholemodule;
				SWIFT_OPTIMIZATION_LEVEL = "-O";
				VALIDATE_PRODUCT = YES;
			};
			name = Release;
		};
		3E17D39D2817733200910F14 /* Debug */ = {
			isa = XCBuildConfiguration;
			baseConfigurationReference = 4D30B850271081D3AB6212D5 /* Pods-SportsApp.debug.xcconfig */;
			buildSettings = {
				ASSETCATALOG_COMPILER_APPICON_NAME = AppIcon;
				ASSETCATALOG_COMPILER_GLOBAL_ACCENT_COLOR_NAME = AccentColor;
				CODE_SIGN_STYLE = Automatic;
				CURRENT_PROJECT_VERSION = 1;
				GENERATE_INFOPLIST_FILE = YES;
				INFOPLIST_FILE = SportsApp/Info.plist;
				INFOPLIST_KEY_UIApplicationSupportsIndirectInputEvents = YES;
				INFOPLIST_KEY_UILaunchStoryboardName = LaunchScreen;
				INFOPLIST_KEY_UIMainStoryboardFile = Main;
				INFOPLIST_KEY_UISupportedInterfaceOrientations_iPad = "UIInterfaceOrientationPortrait UIInterfaceOrientationPortraitUpsideDown UIInterfaceOrientationLandscapeLeft UIInterfaceOrientationLandscapeRight";
				INFOPLIST_KEY_UISupportedInterfaceOrientations_iPhone = "UIInterfaceOrientationPortrait UIInterfaceOrientationLandscapeLeft UIInterfaceOrientationLandscapeRight";
				LD_RUNPATH_SEARCH_PATHS = (
					"$(inherited)",
					"@executable_path/Frameworks",
				);
				MARKETING_VERSION = 1.0;
				PRODUCT_BUNDLE_IDENTIFIER = iti.SportsApp;
				PRODUCT_NAME = "$(TARGET_NAME)";
				SWIFT_EMIT_LOC_STRINGS = YES;
				SWIFT_VERSION = 5.0;
				TARGETED_DEVICE_FAMILY = "1,2";
			};
			name = Debug;
		};
		3E17D39E2817733200910F14 /* Release */ = {
			isa = XCBuildConfiguration;
			baseConfigurationReference = AE60A169A1E11D55D312E911 /* Pods-SportsApp.release.xcconfig */;
			buildSettings = {
				ASSETCATALOG_COMPILER_APPICON_NAME = AppIcon;
				ASSETCATALOG_COMPILER_GLOBAL_ACCENT_COLOR_NAME = AccentColor;
				CODE_SIGN_STYLE = Automatic;
				CURRENT_PROJECT_VERSION = 1;
				GENERATE_INFOPLIST_FILE = YES;
				INFOPLIST_FILE = SportsApp/Info.plist;
				INFOPLIST_KEY_UIApplicationSupportsIndirectInputEvents = YES;
				INFOPLIST_KEY_UILaunchStoryboardName = LaunchScreen;
				INFOPLIST_KEY_UIMainStoryboardFile = Main;
				INFOPLIST_KEY_UISupportedInterfaceOrientations_iPad = "UIInterfaceOrientationPortrait UIInterfaceOrientationPortraitUpsideDown UIInterfaceOrientationLandscapeLeft UIInterfaceOrientationLandscapeRight";
				INFOPLIST_KEY_UISupportedInterfaceOrientations_iPhone = "UIInterfaceOrientationPortrait UIInterfaceOrientationLandscapeLeft UIInterfaceOrientationLandscapeRight";
				LD_RUNPATH_SEARCH_PATHS = (
					"$(inherited)",
					"@executable_path/Frameworks",
				);
				MARKETING_VERSION = 1.0;
				PRODUCT_BUNDLE_IDENTIFIER = iti.SportsApp;
				PRODUCT_NAME = "$(TARGET_NAME)";
				SWIFT_EMIT_LOC_STRINGS = YES;
				SWIFT_VERSION = 5.0;
				TARGETED_DEVICE_FAMILY = "1,2";
			};
			name = Release;
		};
/* End XCBuildConfiguration section */

/* Begin XCConfigurationList section */
		3E17D3802817733000910F14 /* Build configuration list for PBXProject "SportsApp" */ = {
			isa = XCConfigurationList;
			buildConfigurations = (
				3E17D39A2817733200910F14 /* Debug */,
				3E17D39B2817733200910F14 /* Release */,
			);
			defaultConfigurationIsVisible = 0;
			defaultConfigurationName = Release;
		};
		3E17D39C2817733200910F14 /* Build configuration list for PBXNativeTarget "SportsApp" */ = {
			isa = XCConfigurationList;
			buildConfigurations = (
				3E17D39D2817733200910F14 /* Debug */,
				3E17D39E2817733200910F14 /* Release */,
			);
			defaultConfigurationIsVisible = 0;
			defaultConfigurationName = Release;
		};
/* End XCConfigurationList section */

/* Begin XCVersionGroup section */
		3E17D3912817733000910F14 /* SportsApp.xcdatamodeld */ = {
			isa = XCVersionGroup;
			children = (
				3E17D3922817733000910F14 /* SportsApp.xcdatamodel */,
			);
			currentVersion = 3E17D3922817733000910F14 /* SportsApp.xcdatamodel */;
			path = SportsApp.xcdatamodeld;
			sourceTree = "<group>";
			versionGroupType = wrapper.xcdatamodel;
		};
/* End XCVersionGroup section */
	};
	rootObject = 3E17D37D2817733000910F14 /* Project object */;
}
